<?xml version="1.0" encoding="utf-8"?>
<Project ToolsVersion="4.0" xmlns="http://schemas.microsoft.com/developer/msbuild/2003">
  <ItemGroup>
    <Filter Include="Library">
      <UniqueIdentifier>{d5173dcf-2786-4f98-bd55-d03549637dfe}</UniqueIdentifier>
    </Filter>
    <Filter Include="Src">
      <UniqueIdentifier>{80d0a5a9-6779-4863-bede-cc22a4986dc5}</UniqueIdentifier>
    </Filter>
    <Filter Include="Src\Framework">
      <UniqueIdentifier>{f5928314-3ee2-4e39-abfa-d93aa9ee5891}</UniqueIdentifier>
    </Filter>
    <Filter Include="Src\Framework\Direct3D">
      <UniqueIdentifier>{f193abd5-e51c-466e-a937-722bc9175e9a}</UniqueIdentifier>
    </Filter>
    <Filter Include="Src\Framework\Utility">
      <UniqueIdentifier>{f5d733b1-5031-4659-a9d4-0dd3add1e5fb}</UniqueIdentifier>
    </Filter>
    <Filter Include="Src\Framework\Window">
      <UniqueIdentifier>{cb022f2a-c5a2-449b-9b70-5110aff8550f}</UniqueIdentifier>
    </Filter>
    <Filter Include="Library\tinygltf">
      <UniqueIdentifier>{307bfbcd-124f-4ad7-85f5-3fd94f814b1f}</UniqueIdentifier>
    </Filter>
    <Filter Include="Src\Framework\Shader">
      <UniqueIdentifier>{93543c0c-58fe-4a94-8279-7be3021b65b1}</UniqueIdentifier>
    </Filter>
    <Filter Include="Src\Framework\Shader\SpriteShader">
      <UniqueIdentifier>{2da4d471-f4e8-4b2d-bdef-b93f91523b8b}</UniqueIdentifier>
    </Filter>
    <Filter Include="Src\Application">
      <UniqueIdentifier>{d0d0f9cf-dabd-4346-bc9a-d9c04cf42372}</UniqueIdentifier>
    </Filter>
    <Filter Include="Src\Framework\Math">
      <UniqueIdentifier>{04f33e76-24f0-4a58-9355-5770b3f6f9c6}</UniqueIdentifier>
    </Filter>
    <Filter Include="Src\Framework\Audio">
      <UniqueIdentifier>{2a0de30f-d7e8-4517-a9a1-20de6e434592}</UniqueIdentifier>
    </Filter>
    <Filter Include="Src\Framework\Shader\PostProcessShader">
      <UniqueIdentifier>{bfef98c3-f0b2-41b1-b813-6f298072287b}</UniqueIdentifier>
    </Filter>
    <Filter Include="Src\Framework\GameObject">
      <UniqueIdentifier>{d45ba257-913b-44e3-a012-888d7b6f2b68}</UniqueIdentifier>
    </Filter>
    <Filter Include="Src\Framework\Input">
      <UniqueIdentifier>{9bd33b87-53db-4bc0-b98d-80db98f4ba9b}</UniqueIdentifier>
    </Filter>
    <Filter Include="Src\Framework\Direct3D\Polygon">
      <UniqueIdentifier>{b91bce2d-4487-485a-a855-b2bb6ce0d30b}</UniqueIdentifier>
    </Filter>
    <Filter Include="Src\Framework\Shader\StandardShader">
      <UniqueIdentifier>{857913be-4481-4606-9719-87518d4a6aeb}</UniqueIdentifier>
    </Filter>
    <Filter Include="Src\Framework\Effekseer">
      <UniqueIdentifier>{c81b93e4-2f33-496a-985e-98658f1cec51}</UniqueIdentifier>
    </Filter>
    <Filter Include="Library\imgui">
      <UniqueIdentifier>{9e2b992a-9c34-450b-a4cf-c4749feebcc6}</UniqueIdentifier>
    </Filter>
    <Filter Include="Src\Framework\Font">
      <UniqueIdentifier>{66aaa1ee-9cbd-4422-b7c2-7885620d808f}</UniqueIdentifier>
    </Filter>
    <Filter Include="Src\Framework\Utility\KdDebug">
      <UniqueIdentifier>{8998a2f9-9d4a-46aa-95ef-1d0c2545ca0d}</UniqueIdentifier>
    </Filter>
    <Filter Include="Src\Application\Scene">
      <UniqueIdentifier>{a572e10e-6690-4c7c-af7d-7dcf13d1ee2f}</UniqueIdentifier>
    </Filter>
    <Filter Include="Src\Application\Scene\BaseScene">
      <UniqueIdentifier>{7f2dd72a-1b1e-4fb4-b0cb-8ea5a69cd1b8}</UniqueIdentifier>
    </Filter>
    <Filter Include="Src\Application\Scene\GameScene">
      <UniqueIdentifier>{050f45dd-d558-4156-bcc6-0b010d3265c8}</UniqueIdentifier>
    </Filter>
    <Filter Include="Src\Application\Scene\TitleScene">
      <UniqueIdentifier>{6036b8f3-498e-401e-865a-f8632985b816}</UniqueIdentifier>
    </Filter>
    <Filter Include="Src\Application\Asset">
      <UniqueIdentifier>{32f13c0e-d693-446c-b173-f54242775676}</UniqueIdentifier>
    </Filter>
    <Filter Include="Src\Application\Scene\ResultScene">
      <UniqueIdentifier>{1594e196-7bb6-4c7f-94d2-9d1cb0ee3966}</UniqueIdentifier>
    </Filter>
    <Filter Include="Src\Application\Scene\PauseScene">
      <UniqueIdentifier>{1da8e05d-8cae-4434-b20e-fb8d6855e259}</UniqueIdentifier>
    </Filter>
    <Filter Include="Src\Application\Scene\SettingScene">
      <UniqueIdentifier>{9e3dd95e-7cff-4ce8-838d-0239fe7e849e}</UniqueIdentifier>
    </Filter>
    <Filter Include="Src\Application\UI">
      <UniqueIdentifier>{ef61dc67-cb82-4eee-a68f-8145ddccb440}</UniqueIdentifier>
    </Filter>
    <Filter Include="Src\Application\UI\UIFade">
      <UniqueIdentifier>{d1df8600-8e16-49a9-8814-0e0d0cc906d2}</UniqueIdentifier>
    </Filter>
    <Filter Include="Src\Application\UI\UIAppearFade">
      <UniqueIdentifier>{a910afa8-189c-4058-9bbd-8be03db4a96f}</UniqueIdentifier>
    </Filter>
    <Filter Include="Src\Application\UI\UIBase">
      <UniqueIdentifier>{617c5f10-34e7-41d0-9af3-d30bd595a525}</UniqueIdentifier>
    </Filter>
    <Filter Include="Src\Application\Object">
      <UniqueIdentifier>{6696031e-cbca-4ee7-990c-e9be71ae4c53}</UniqueIdentifier>
    </Filter>
    <Filter Include="Src\Application\Object\Tofu">
      <UniqueIdentifier>{ea15d842-e0dd-46be-a757-632eecf29ad2}</UniqueIdentifier>
    </Filter>
    <Filter Include="Src\Application\Object\ObjectBase">
      <UniqueIdentifier>{911ccabf-9f2e-42fd-b993-db0b36bf0ed9}</UniqueIdentifier>
    </Filter>
    <Filter Include="Src\Application\Camera">
      <UniqueIdentifier>{fb01c519-8b68-4ffa-b7cf-46f0a51c26fd}</UniqueIdentifier>
    </Filter>
    <Filter Include="Src\Application\Object\Gimmick">
      <UniqueIdentifier>{23638741-5962-4173-812d-bf884a04dec4}</UniqueIdentifier>
    </Filter>
    <Filter Include="Src\Application\Object\Gimmick\GimmickBase">
      <UniqueIdentifier>{92278f45-8453-414a-af2d-efbb7554fca1}</UniqueIdentifier>
    </Filter>
    <Filter Include="Src\Application\Object\Gimmick\Water">
      <UniqueIdentifier>{e11de046-22f0-46ab-be3b-26acac7fc38f}</UniqueIdentifier>
    </Filter>
    <Filter Include="Src\Application\Object\Gimmick\Oil">
      <UniqueIdentifier>{98f2bd27-d38a-4676-aa37-4bc42cb3a73e}</UniqueIdentifier>
    </Filter>
    <Filter Include="Src\Application\Object\Gimmick\Obstacle">
      <UniqueIdentifier>{682585bb-1b73-4b7e-9353-c736e533aa3f}</UniqueIdentifier>
    </Filter>
    <Filter Include="Src\Application\Object\Kitchen">
      <UniqueIdentifier>{4296c6c0-e48f-4858-801b-42d8af09c5a4}</UniqueIdentifier>
    </Filter>
    <Filter Include="Src\Application\Object\Kitchen\Kitchen">
      <UniqueIdentifier>{64f5d105-7be8-4610-94eb-b3d6f8e24c08}</UniqueIdentifier>
    </Filter>
    <Filter Include="Src\Application\Object\Kitchen\Factory">
      <UniqueIdentifier>{7a64eac7-607f-465b-8c58-a3a633fe0c48}</UniqueIdentifier>
    </Filter>
    <Filter Include="Src\Application\ImGui">
      <UniqueIdentifier>{29c0a67b-b45b-491e-8b67-a33bdc8712f7}</UniqueIdentifier>
    </Filter>
  </ItemGroup>
  <ItemGroup>
    <ClInclude Include="src\Pch.h">
      <Filter>Src</Filter>
    </ClInclude>
    <ClInclude Include="..\Library\tinygltf\json.hpp">
      <Filter>Library\tinygltf</Filter>
    </ClInclude>
    <ClInclude Include="..\Library\tinygltf\stb_image.h">
      <Filter>Library\tinygltf</Filter>
    </ClInclude>
    <ClInclude Include="..\Library\tinygltf\stb_image_write.h">
      <Filter>Library\tinygltf</Filter>
    </ClInclude>
    <ClInclude Include="..\Library\tinygltf\tiny_gltf.h">
      <Filter>Library\tinygltf</Filter>
    </ClInclude>
    <ClInclude Include="Src\Application\main.h">
      <Filter>Src\Application</Filter>
    </ClInclude>
    <ClInclude Include="src\Framework\Direct3D\KdDirect3D.h">
      <Filter>Src\Framework\Direct3D</Filter>
    </ClInclude>
    <ClInclude Include="src\Framework\Direct3D\KdTexture.h">
      <Filter>Src\Framework\Direct3D</Filter>
    </ClInclude>
    <ClInclude Include="src\Framework\Direct3D\KdBuffer.h">
      <Filter>Src\Framework\Direct3D</Filter>
    </ClInclude>
    <ClInclude Include="Src\Framework\Direct3D\KdGLTFLoader.h">
      <Filter>Src\Framework\Direct3D</Filter>
    </ClInclude>
    <ClInclude Include="Src\Framework\Shader\KdShaderManager.h">
      <Filter>Src\Framework\Shader</Filter>
    </ClInclude>
    <ClInclude Include="Src\Framework\Shader\SpriteShader\KdSpriteShader.h">
      <Filter>Src\Framework\Shader\SpriteShader</Filter>
    </ClInclude>
    <ClInclude Include="src\Framework\Utility\KdUtility.h">
      <Filter>Src\Framework\Utility</Filter>
    </ClInclude>
    <ClInclude Include="src\Framework\KdFramework.h">
      <Filter>Src\Framework</Filter>
    </ClInclude>
    <ClInclude Include="..\Library\strconv.h">
      <Filter>Library</Filter>
    </ClInclude>
    <ClInclude Include="src\Framework\Window\KdWindow.h">
      <Filter>Src\Framework\Window</Filter>
    </ClInclude>
    <ClInclude Include="src\Framework\Direct3D\KdMesh.h">
      <Filter>Src\Framework\Direct3D</Filter>
    </ClInclude>
    <ClInclude Include="Src\Framework\Direct3D\KdModel.h">
      <Filter>Src\Framework\Direct3D</Filter>
    </ClInclude>
    <ClInclude Include="Src\Framework\Math\KdCollision.h">
      <Filter>Src\Framework\Math</Filter>
    </ClInclude>
    <ClInclude Include="Src\Framework\Math\KdAnimation.h">
      <Filter>Src\Framework\Math</Filter>
    </ClInclude>
    <ClInclude Include="Src\Framework\Audio\KdAudio.h">
      <Filter>Src\Framework\Audio</Filter>
    </ClInclude>
    <ClInclude Include="Src\Framework\Direct3D\KdCamera.h">
      <Filter>Src\Framework\Direct3D</Filter>
    </ClInclude>
    <ClInclude Include="Src\Framework\Shader\PostProcessShader\KdPostProcessShader.h">
      <Filter>Src\Framework\Shader\PostProcessShader</Filter>
    </ClInclude>
    <ClInclude Include="Src\Framework\Math\KdCollider.h">
      <Filter>Src\Framework\Math</Filter>
    </ClInclude>
    <ClInclude Include="Src\Framework\Math\KdEasing.h">
      <Filter>Src\Framework\Math</Filter>
    </ClInclude>
    <ClInclude Include="Src\Framework\GameObject\KdGameObject.h">
      <Filter>Src\Framework\GameObject</Filter>
    </ClInclude>
    <ClInclude Include="Src\Framework\GameObject\KdGameObjectFactory.h">
      <Filter>Src\Framework\GameObject</Filter>
    </ClInclude>
    <ClInclude Include="Src\Framework\Input\KdInput.h">
      <Filter>Src\Framework\Input</Filter>
    </ClInclude>
    <ClInclude Include="Src\Framework\Utility\KdCSVData.h">
      <Filter>Src\Framework\Utility</Filter>
    </ClInclude>
    <ClInclude Include="Src\Framework\Direct3D\Polygon\KdPolygon.h">
      <Filter>Src\Framework\Direct3D\Polygon</Filter>
    </ClInclude>
    <ClInclude Include="Src\Framework\Direct3D\Polygon\KdSquarePolygon.h">
      <Filter>Src\Framework\Direct3D\Polygon</Filter>
    </ClInclude>
    <ClInclude Include="Src\Framework\Direct3D\Polygon\KdTrailPolygon.h">
      <Filter>Src\Framework\Direct3D\Polygon</Filter>
    </ClInclude>
    <ClInclude Include="Src\Framework\Direct3D\KdMaterial.h">
      <Filter>Src\Framework\Direct3D</Filter>
    </ClInclude>
    <ClInclude Include="Src\Framework\Utility\KdDataStorage.h">
      <Filter>Src\Framework\Utility</Filter>
    </ClInclude>
    <ClInclude Include="Src\Framework\Shader\KdAmbientController.h">
      <Filter>Src\Framework\Shader</Filter>
    </ClInclude>
    <ClInclude Include="Src\Framework\Math\KdUVAnimation.h">
      <Filter>Src\Framework\Math</Filter>
    </ClInclude>
    <ClInclude Include="Src\Framework\Shader\KdRenderTargetChange.h">
      <Filter>Src\Framework\Shader</Filter>
    </ClInclude>
    <ClInclude Include="Src\Framework\Utility\KdFPSController.h">
      <Filter>Src\Framework\Utility</Filter>
    </ClInclude>
    <ClInclude Include="Src\Framework\Shader\StandardShader\KdStandardShader.h">
      <Filter>Src\Framework\Shader\StandardShader</Filter>
    </ClInclude>
    <ClInclude Include="Src\Framework\Effekseer\KdEffekseerManager.h">
      <Filter>Src\Framework\Effekseer</Filter>
    </ClInclude>
    <ClInclude Include="Src\Framework\Utility\KdRandom.h">
      <Filter>Src\Framework\Utility</Filter>
    </ClInclude>
    <ClInclude Include="..\Library\imgui\imconfig.h">
      <Filter>Library\imgui</Filter>
    </ClInclude>
    <ClInclude Include="..\Library\imgui\imgui.h">
      <Filter>Library\imgui</Filter>
    </ClInclude>
    <ClInclude Include="..\Library\imgui\imgui_impl_dx11.h">
      <Filter>Library\imgui</Filter>
    </ClInclude>
    <ClInclude Include="..\Library\imgui\imgui_impl_win32.h">
      <Filter>Library\imgui</Filter>
    </ClInclude>
    <ClInclude Include="..\Library\imgui\imgui_internal.h">
      <Filter>Library\imgui</Filter>
    </ClInclude>
    <ClInclude Include="..\Library\imgui\imgui_stdlib.h">
      <Filter>Library\imgui</Filter>
    </ClInclude>
    <ClInclude Include="..\Library\imgui\imstb_rectpack.h">
      <Filter>Library\imgui</Filter>
    </ClInclude>
    <ClInclude Include="..\Library\imgui\imstb_textedit.h">
      <Filter>Library\imgui</Filter>
    </ClInclude>
    <ClInclude Include="..\Library\imgui\imstb_truetype.h">
      <Filter>Library\imgui</Filter>
    </ClInclude>
    <ClInclude Include="..\Library\imgui\ja_glyph_ranges.h">
      <Filter>Library\imgui</Filter>
    </ClInclude>
    <ClInclude Include="Src\Framework\Font\KdFont.h">
      <Filter>Src\Framework\Font</Filter>
    </ClInclude>
    <ClInclude Include="Src\Framework\Utility\KdDebug\KdDebugGUI.h">
      <Filter>Src\Framework\Utility\KdDebug</Filter>
    </ClInclude>
    <ClInclude Include="Src\Framework\Utility\KdDebug\KdDebugWireFrame.h">
      <Filter>Src\Framework\Utility\KdDebug</Filter>
    </ClInclude>
    <ClInclude Include="Src\Application\Scene\SceneManager.h">
      <Filter>Src\Application\Scene</Filter>
    </ClInclude>
    <ClInclude Include="Src\Application\Scene\TitleScene\TitleScene.h">
      <Filter>Src\Application\Scene\TitleScene</Filter>
    </ClInclude>
    <ClInclude Include="Src\Application\Scene\GameScene\GameScene.h">
      <Filter>Src\Application\Scene\GameScene</Filter>
    </ClInclude>
    <ClInclude Include="Src\Application\Scene\BaseScene\BaseScene.h">
      <Filter>Src\Application\Scene\BaseScene</Filter>
    </ClInclude>
    <ClInclude Include="Src\Application\Asset\AssetManager.h">
      <Filter>Src\Application\Asset</Filter>
    </ClInclude>
    <ClInclude Include="Src\Application\Scene\ResultScene\ResultScene.h">
      <Filter>Src\Application\Scene\ResultScene</Filter>
    </ClInclude>
    <ClInclude Include="Src\Application\Scene\PauseScene\PauseScene.h">
      <Filter>Src\Application\Scene\PauseScene</Filter>
    </ClInclude>
    <ClInclude Include="Src\Application\Scene\SettingScene\SettingScene.h">
      <Filter>Src\Application\Scene\SettingScene</Filter>
    </ClInclude>
    <ClInclude Include="Src\Application\UI\UIFade\UIFade.h">
      <Filter>Src\Application\UI\UIFade</Filter>
    </ClInclude>
    <ClInclude Include="Src\Application\UI\UIAppearFade\UIAppearFade.h">
      <Filter>Src\Application\UI\UIAppearFade</Filter>
    </ClInclude>
    <ClInclude Include="Src\Application\UI\UIBase\UIBase.h">
      <Filter>Src\Application\UI\UIBase</Filter>
    </ClInclude>
    <ClInclude Include="Src\Application\Object\Tofu\Tofu.h">
      <Filter>Src\Application\Object\Tofu</Filter>
    </ClInclude>
    <ClInclude Include="Src\Application\Object\ObjectBase\ObjectBase.h">
      <Filter>Src\Application\Object\ObjectBase</Filter>
    </ClInclude>
    <ClInclude Include="Src\Application\Camera\Camera.h">
      <Filter>Src\Application\Camera</Filter>
    </ClInclude>
    <ClInclude Include="Src\Application\Object\Gimmick\GimmickBase\GimmickBase.h">
      <Filter>Src\Application\Object\Gimmick\GimmickBase</Filter>
    </ClInclude>
    <ClInclude Include="Src\Application\Object\Gimmick\Water\Water.h">
      <Filter>Src\Application\Object\Gimmick\Water</Filter>
    </ClInclude>
    <ClInclude Include="Src\Application\Object\Gimmick\Oil\Oil.h">
      <Filter>Src\Application\Object\Gimmick\Oil</Filter>
    </ClInclude>
    <ClInclude Include="Src\Application\Object\Gimmick\Obstacle\Obstacle.h">
      <Filter>Src\Application\Object\Gimmick\Obstacle</Filter>
    </ClInclude>
    <ClInclude Include="Src\Application\Object\Kitchen\Kitchen\Kitchen.h">
      <Filter>Src\Application\Object\Kitchen\Kitchen</Filter>
    </ClInclude>
    <ClInclude Include="Src\Application\Object\Kitchen\Factory\KitchenFactory.h">
      <Filter>Src\Application\Object\Kitchen\Factory</Filter>
    </ClInclude>
    <ClInclude Include="Src\Application\Object\Kitchen\KitchenManager.h">
      <Filter>Src\Application\Object\Kitchen</Filter>
    </ClInclude>
    <ClInclude Include="Src\Application\ImGui\ImGuiManager.h">
      <Filter>Src\Application\ImGui</Filter>
    </ClInclude>
  </ItemGroup>
  <ItemGroup>
    <ClCompile Include="src\Pch.cpp">
      <Filter>Src</Filter>
    </ClCompile>
    <ClCompile Include="Src\Application\main.cpp">
      <Filter>Src\Application</Filter>
    </ClCompile>
    <ClCompile Include="src\Framework\Direct3D\KdDirect3D.cpp">
      <Filter>Src\Framework\Direct3D</Filter>
    </ClCompile>
    <ClCompile Include="src\Framework\Direct3D\KdTexture.cpp">
      <Filter>Src\Framework\Direct3D</Filter>
    </ClCompile>
    <ClCompile Include="src\Framework\Direct3D\KdBuffer.cpp">
      <Filter>Src\Framework\Direct3D</Filter>
    </ClCompile>
    <ClCompile Include="Src\Framework\Direct3D\KdGLTFLoader.cpp">
      <Filter>Src\Framework\Direct3D</Filter>
    </ClCompile>
    <ClCompile Include="Src\Framework\Shader\KdShaderManager.cpp">
      <Filter>Src\Framework\Shader</Filter>
    </ClCompile>
    <ClCompile Include="Src\Framework\Shader\SpriteShader\KdSpriteShader.cpp">
      <Filter>Src\Framework\Shader\SpriteShader</Filter>
    </ClCompile>
    <ClCompile Include="src\Framework\Window\KdWindow.cpp">
      <Filter>Src\Framework\Window</Filter>
    </ClCompile>
    <ClCompile Include="Src\Framework\Utility\KdUtility.cpp">
      <Filter>Src\Framework\Utility</Filter>
    </ClCompile>
    <ClCompile Include="src\Framework\Direct3D\KdMesh.cpp">
      <Filter>Src\Framework\Direct3D</Filter>
    </ClCompile>
    <ClCompile Include="Src\Framework\Direct3D\KdModel.cpp">
      <Filter>Src\Framework\Direct3D</Filter>
    </ClCompile>
    <ClCompile Include="Src\Framework\Math\KdCollision.cpp">
      <Filter>Src\Framework\Math</Filter>
    </ClCompile>
    <ClCompile Include="Src\Framework\Math\KdAnimation.cpp">
      <Filter>Src\Framework\Math</Filter>
    </ClCompile>
    <ClCompile Include="Src\Framework\Audio\KdAudio.cpp">
      <Filter>Src\Framework\Audio</Filter>
    </ClCompile>
    <ClCompile Include="Src\Framework\Direct3D\KdCamera.cpp">
      <Filter>Src\Framework\Direct3D</Filter>
    </ClCompile>
    <ClCompile Include="Src\Framework\Shader\PostProcessShader\KdPostProcessShader.cpp">
      <Filter>Src\Framework\Shader\PostProcessShader</Filter>
    </ClCompile>
    <ClCompile Include="Src\Framework\Math\KdCollider.cpp">
      <Filter>Src\Framework\Math</Filter>
    </ClCompile>
    <ClCompile Include="Src\Framework\Math\KdEasing.cpp">
      <Filter>Src\Framework\Math</Filter>
    </ClCompile>
    <ClCompile Include="Src\Framework\GameObject\KdGameObject.cpp">
      <Filter>Src\Framework\GameObject</Filter>
    </ClCompile>
    <ClCompile Include="Src\Framework\GameObject\KdGameObjectFactory.cpp">
      <Filter>Src\Framework\GameObject</Filter>
    </ClCompile>
    <ClCompile Include="Src\Framework\Input\KdInput.cpp">
      <Filter>Src\Framework\Input</Filter>
    </ClCompile>
    <ClCompile Include="Src\Framework\Utility\KdCSVData.cpp">
      <Filter>Src\Framework\Utility</Filter>
    </ClCompile>
    <ClCompile Include="Src\Framework\Direct3D\Polygon\KdSquarePolygon.cpp">
      <Filter>Src\Framework\Direct3D\Polygon</Filter>
    </ClCompile>
    <ClCompile Include="Src\Framework\Direct3D\Polygon\KdTrailPolygon.cpp">
      <Filter>Src\Framework\Direct3D\Polygon</Filter>
    </ClCompile>
    <ClCompile Include="Src\Framework\Direct3D\KdMaterial.cpp">
      <Filter>Src\Framework\Direct3D</Filter>
    </ClCompile>
    <ClCompile Include="Src\Framework\Direct3D\Polygon\KdPolygon.cpp">
      <Filter>Src\Framework\Direct3D\Polygon</Filter>
    </ClCompile>
    <ClCompile Include="Src\Framework\Shader\KdAmbientController.cpp">
      <Filter>Src\Framework\Shader</Filter>
    </ClCompile>
    <ClCompile Include="Src\Framework\Math\KdUVAnimation.cpp">
      <Filter>Src\Framework\Math</Filter>
    </ClCompile>
    <ClCompile Include="Src\Framework\Shader\KdRenderTargetChange.cpp">
      <Filter>Src\Framework\Shader</Filter>
    </ClCompile>
    <ClCompile Include="Src\Framework\Utility\KdFPSController.cpp">
      <Filter>Src\Framework\Utility</Filter>
    </ClCompile>
    <ClCompile Include="Src\Framework\Shader\StandardShader\KdStandardShader.cpp">
      <Filter>Src\Framework\Shader\StandardShader</Filter>
    </ClCompile>
    <ClCompile Include="Src\Framework\Effekseer\KdEffekseerManager.cpp">
      <Filter>Src\Framework\Effekseer</Filter>
    </ClCompile>
    <ClCompile Include="..\Library\imgui\imgui.cpp">
      <Filter>Library\imgui</Filter>
    </ClCompile>
    <ClCompile Include="..\Library\imgui\imgui_demo.cpp">
      <Filter>Library\imgui</Filter>
    </ClCompile>
    <ClCompile Include="..\Library\imgui\imgui_draw.cpp">
      <Filter>Library\imgui</Filter>
    </ClCompile>
    <ClCompile Include="..\Library\imgui\imgui_impl_dx11.cpp">
      <Filter>Library\imgui</Filter>
    </ClCompile>
    <ClCompile Include="..\Library\imgui\imgui_impl_win32.cpp">
      <Filter>Library\imgui</Filter>
    </ClCompile>
    <ClCompile Include="..\Library\imgui\imgui_stdlib.cpp">
      <Filter>Library\imgui</Filter>
    </ClCompile>
    <ClCompile Include="..\Library\imgui\imgui_tables.cpp">
      <Filter>Library\imgui</Filter>
    </ClCompile>
    <ClCompile Include="..\Library\imgui\imgui_widgets.cpp">
      <Filter>Library\imgui</Filter>
    </ClCompile>
    <ClCompile Include="Src\Framework\Font\KdFont.cpp">
      <Filter>Src\Framework\Font</Filter>
    </ClCompile>
    <ClCompile Include="Src\Framework\Utility\KdDebug\KdDebugGUI.cpp">
      <Filter>Src\Framework\Utility\KdDebug</Filter>
    </ClCompile>
    <ClCompile Include="Src\Framework\Utility\KdDebug\KdDebugWireFrame.cpp">
      <Filter>Src\Framework\Utility\KdDebug</Filter>
    </ClCompile>
    <ClCompile Include="Src\Application\Scene\SceneManager.cpp">
      <Filter>Src\Application\Scene</Filter>
    </ClCompile>
    <ClCompile Include="Src\Application\Scene\TitleScene\TitleScene.cpp">
      <Filter>Src\Application\Scene\TitleScene</Filter>
    </ClCompile>
    <ClCompile Include="Src\Application\Scene\GameScene\GameScene.cpp">
      <Filter>Src\Application\Scene\GameScene</Filter>
    </ClCompile>
    <ClCompile Include="Src\Application\Scene\BaseScene\BaseScene.cpp">
      <Filter>Src\Application\Scene\BaseScene</Filter>
    </ClCompile>
    <ClCompile Include="Src\Application\Asset\AssetManager.cpp">
      <Filter>Src\Application\Asset</Filter>
    </ClCompile>
    <ClCompile Include="Src\Application\Scene\ResultScene\ResultScene.cpp">
      <Filter>Src\Application\Scene\ResultScene</Filter>
    </ClCompile>
    <ClCompile Include="Src\Application\Scene\PauseScene\PauseScene.cpp">
      <Filter>Src\Application\Scene\PauseScene</Filter>
    </ClCompile>
    <ClCompile Include="Src\Application\Scene\SettingScene\SettingScene.cpp">
      <Filter>Src\Application\Scene\SettingScene</Filter>
    </ClCompile>
    <ClCompile Include="Src\Application\UI\UIFade\UIFade.cpp">
      <Filter>Src\Application\UI\UIFade</Filter>
    </ClCompile>
    <ClCompile Include="Src\Application\UI\UIAppearFade\UIAppearFade.cpp">
      <Filter>Src\Application\UI\UIAppearFade</Filter>
    </ClCompile>
    <ClCompile Include="Src\Application\UI\UIBase\UIBase.cpp">
      <Filter>Src\Application\UI\UIBase</Filter>
    </ClCompile>
    <ClCompile Include="Src\Application\Object\Tofu\Tofu.cpp">
      <Filter>Src\Application\Object\Tofu</Filter>
    </ClCompile>
    <ClCompile Include="Src\Application\Object\ObjectBase\ObjectBase.cpp">
      <Filter>Src\Application\Object\ObjectBase</Filter>
    </ClCompile>
    <ClCompile Include="Src\Application\Camera\Camera.cpp">
      <Filter>Src\Application\Camera</Filter>
    </ClCompile>
    <ClCompile Include="Src\Application\Object\Gimmick\GimmickBase\GimmickBase.cpp">
      <Filter>Src\Application\Object\Gimmick\GimmickBase</Filter>
    </ClCompile>
    <ClCompile Include="Src\Application\Object\Gimmick\Water\Water.cpp">
      <Filter>Src\Application\Object\Gimmick\Water</Filter>
    </ClCompile>
    <ClCompile Include="Src\Application\Object\Gimmick\Oil\Oil.cpp">
      <Filter>Src\Application\Object\Gimmick\Oil</Filter>
    </ClCompile>
    <ClCompile Include="Src\Application\Object\Gimmick\Obstacle\Obstacle.cpp">
      <Filter>Src\Application\Object\Gimmick\Obstacle</Filter>
    </ClCompile>
    <ClCompile Include="Src\Application\Object\Kitchen\Kitchen\Kitchen.cpp">
      <Filter>Src\Application\Object\Kitchen\Kitchen</Filter>
    </ClCompile>
    <ClCompile Include="Src\Application\Object\Kitchen\Factory\KitchenFactory.cpp">
      <Filter>Src\Application\Object\Kitchen\Factory</Filter>
    </ClCompile>
    <ClCompile Include="Src\Application\Object\Kitchen\KitchenManager.cpp">
      <Filter>Src\Application\Object\Kitchen</Filter>
    </ClCompile>
    <ClCompile Include="Src\Application\ImGui\ImGuiManager.cpp">
      <Filter>Src\Application\ImGui</Filter>
    </ClCompile>
  </ItemGroup>
  <ItemGroup>
    <None Include="Src\Framework\Shader\inc_KdCommon.hlsli">
      <Filter>Src\Framework\Shader</Filter>
    </None>
    <None Include="Src\Framework\Shader\SpriteShader\inc_KdSpriteShader.hlsli">
      <Filter>Src\Framework\Shader\SpriteShader</Filter>
    </None>
    <None Include="Src\Framework\Shader\PostProcessShader\inc_KdPostProcessShader.hlsli">
      <Filter>Src\Framework\Shader\PostProcessShader</Filter>
    </None>
    <None Include="Src\Framework\Shader\StandardShader\inc_KdStandardShader.hlsli">
      <Filter>Src\Framework\Shader\StandardShader</Filter>
    </None>
  </ItemGroup>
  <ItemGroup>
    <FxCompile Include="Src\Framework\Shader\SpriteShader\KdSpriteShader_PS.hlsl">
      <Filter>Src\Framework\Shader\SpriteShader</Filter>
    </FxCompile>
    <FxCompile Include="Src\Framework\Shader\SpriteShader\KdSpriteShader_VS.hlsl">
      <Filter>Src\Framework\Shader\SpriteShader</Filter>
    </FxCompile>
    <FxCompile Include="Src\Framework\Shader\PostProcessShader\KdPostProcessShader_PS_Blur.hlsl">
      <Filter>Src\Framework\Shader\PostProcessShader</Filter>
    </FxCompile>
    <FxCompile Include="Src\Framework\Shader\PostProcessShader\KdPostProcessShader_VS.hlsl">
      <Filter>Src\Framework\Shader\PostProcessShader</Filter>
    </FxCompile>
    <FxCompile Include="Src\Framework\Shader\PostProcessShader\KdPostProcessShader_PS_DoF.hlsl">
      <Filter>Src\Framework\Shader\PostProcessShader</Filter>
    </FxCompile>
    <FxCompile Include="Src\Framework\Shader\PostProcessShader\KdPostProcessShader_PS_Bright.hlsl">
      <Filter>Src\Framework\Shader\PostProcessShader</Filter>
    </FxCompile>
    <FxCompile Include="Src\Framework\Shader\StandardShader\KdStandardShader_PS_GenDepthMapFromLight.hlsl">
      <Filter>Src\Framework\Shader\StandardShader</Filter>
    </FxCompile>
    <FxCompile Include="Src\Framework\Shader\StandardShader\KdStandardShader_PS_Lit.hlsl">
      <Filter>Src\Framework\Shader\StandardShader</Filter>
    </FxCompile>
    <FxCompile Include="Src\Framework\Shader\StandardShader\KdStandardShader_PS_UnLit.hlsl">
      <Filter>Src\Framework\Shader\StandardShader</Filter>
    </FxCompile>
    <FxCompile Include="Src\Framework\Shader\StandardShader\KdStandardShader_VS_GenDepthMapFromLight.hlsl">
      <Filter>Src\Framework\Shader\StandardShader</Filter>
    </FxCompile>
    <FxCompile Include="Src\Framework\Shader\StandardShader\KdStandardShader_VS_Lit.hlsl">
      <Filter>Src\Framework\Shader\StandardShader</Filter>
    </FxCompile>
    <FxCompile Include="Src\Framework\Shader\StandardShader\KdStandardShader_VS_UnLit.hlsl">
      <Filter>Src\Framework\Shader\StandardShader</Filter>
    </FxCompile>
  </ItemGroup>
</Project>